{"1.2.0",
[{<<"goldrush">>,{pkg,<<"goldrush">>,<<"0.1.9">>},1},
 {<<"lager">>,{pkg,<<"lager">>,<<"3.9.2">>},0},
 {<<"mnesia_rocksdb">>,
  {git,"https://gitlab.com/arknode.io/mnesia_rocksdb.git",
       {ref,"e3aa95089c4a31d2f9a4d5e8cff75b5f2518f3b4"}},
  0},
 {<<"quickrand">>,{pkg,<<"quickrand">>,<<"2.0.4">>},1},
 {<<"rocksdb">>,
  {git,"https://gitlab.com/arknode.io/erlang-rocksdb.git",
       {ref,"a570f3d10dc8a91daf774d19b248cec5a08ddc34"}},
  1},
 {<<"sext">>,{pkg,<<"sext">>,<<"1.6.0">>},1},
 {<<"uuid">>,{pkg,<<"uuid_erl">>,<<"2.0.4">>},0}]}.
[
{pkg_hash,[
 {<<"goldrush">>, <<"F06E5D5F1277DA5C413E84D5A2924174182FB108DABB39D5EC548B27424CD106">>},
 {<<"lager">>, <<"4CAB289120EB24964E3886BD22323CB5FEFE4510C076992A23AD18CF85413D8C">>},
 {<<"quickrand">>, <<"168CA3A8466A26912B8C3A1D6AA58975E1BB49E5C7AFB4998B80F6B90F910490">>},
 {<<"sext">>, <<"E5466AC5A9622AB1A6BCA4311913515082BB0F6A6799C73400906C0CD141AD5D">>},
 {<<"uuid">>, <<"77C3E3EE1E1701A2856CE945846D7CEB71931C60633A305D0B0FEAE03B2B3B5C">>}]},
{pkg_hash_ext,[
 {<<"goldrush">>, <<"99CB4128CFFCB3227581E5D4D803D5413FA643F4EB96523F77D9E6937D994CEB">>},
 {<<"lager">>, <<"7F904D9E87A8CB7E66156ED31768D1C8E26EBA1D54F4BC85B1AA4AC1F6340C28">>},
 {<<"quickrand">>, <<"4CB18E9304CF28E054E8DC6E151D1AC7F174E6FE31D5C1A07F71279B92A90800">>},
 {<<"sext">>, <<"AD1CBEC06A3FEE2AE2191D79E815B810BA8329346D40160747D58CA7C75E3EF2">>},
 {<<"uuid">>, <<"7A4CCD1C151D9B88B4383FA802BCCF9BCB3754B7F53D7CAA164D51A14A6652E4">>}]}
].
